# THIS IS AN AUTOGENERATED FILE. DO NOT EDIT THIS FILE DIRECTLY.
# yarn lockfile v1


"@graal-types/adventure-text-minimessage@^4.11.0":
  version "4.11.0"
  resolved "https://registry.yarnpkg.com/@graal-types/adventure-text-minimessage/-/adventure-text-minimessage-4.11.0.tgz#5e437e172c9a5f4bc86dd8ea4973f59823e34c3b"
  integrity sha512-S7dRxs5R3FKP9qUfW4krXriCGMfYCb+M1X70vgRmkq5B3FytH2Tfm0thDhA891tbqIhpbM2OuUVrBD/sbVZGZQ==
  dependencies:
    "@graal-types/java-16" "^1.0.0"

"@graal-types/java-16@^1.0.0":
  version "1.0.0"
  resolved "https://registry.yarnpkg.com/@graal-types/java-16/-/java-16-1.0.0.tgz#2929d6a775251b837a81702a6eb673fd98425826"
  integrity sha512-Gs6Ke+3qh0nfEmD+RKjHBsQORccDmbqNawgkGB1VhESFRa3RpkWnEDs7Tgc9N40ntFdxf0zyBjRx7JY8BZ9yMA==

"@graal-types/paper-1.19@^1.0.1":
  version "1.0.1"
  resolved "https://registry.yarnpkg.com/@graal-types/paper-1.19/-/paper-1.19-1.0.1.tgz#56b8ca5acc8fc1306105dd601672cbf7cdd26b43"
  integrity sha512-iz0vvokBibI8r1Pi9bIHuLUoZj9EDYD/ocgfnmmNz3Z8DcvEqliIN2ZYpGS7qKhMkUkK1SwWc1P/pbKwTYVBSQ==
  dependencies:
    "@graal-types/java-16" "^1.0.0"

type-fest@^3.6.1:
  version "3.6.1"
  resolved "https://registry.yarnpkg.com/type-fest/-/type-fest-3.6.1.tgz#cf8025edeebfd6cf48de73573a5e1423350b9993"
  integrity sha512-htXWckxlT6U4+ilVgweNliPqlsVSSucbxVexRYllyMVJDtf5rTjv6kF/s+qAd4QSL1BZcnJPEJavYBPQiWuZDA==

typescript@^5.0.2:
  version "5.0.2"
  resolved "https://registry.yarnpkg.com/typescript/-/typescript-5.0.2.tgz#891e1a90c5189d8506af64b9ef929fca99ba1ee5"
  integrity sha512-wVORMBGO/FAs/++blGNeAVdbNKtIh1rbBL2EyQ1+J9lClJ93KiiKe8PmFIVdXhHcyv44SL9oglmfeSsndo0jRw==
